<Solution>
  <Project Path="dottop.Core/dottop.Core.csproj" />
  <Project Path="dottop.Windows/dottop.Windows.csproj" />
  <Project Path="dottop.Linux/dottop.Linux.csproj" />
  <Project Path="dottop.App/dottop.App.csproj" />
  <Folder Name="/Termina/">
    <Project Path="../lib/termina/src/Termina/Termina.csproj" />
  </Folder>
  <Folder Name="/Tests/">
    <Project Path="../tests/dottop.Actors.Tests/dottop.Actors.Tests.csproj" />
    <Project Path="../tests/dottop.Rendering.Tests/dottop.Rendering.Tests.csproj" />
    <Project Path="../tests/dottop.UI.Tests/dottop.UI.Tests.csproj" />
  </Folder>
</Solution>
