<Solution>
  <Project Path="dtop.Core/dtop.Core.csproj" />
  <Project Path="dtop.Plugin/dtop.Plugin.csproj" />
  <Project Path="dtop.Plugin.Example/dtop.Plugin.Example.csproj" />
  <Project Path="dtop.Windows/dtop.Windows.csproj" />
  <Project Path="dtop.Linux/dtop.Linux.csproj" />
  <Project Path="dtop.Mac/dtop.Mac.csproj" />
  <Folder Name="/Items/">
    <File Path="../.github/workflows/ci.yml" />
    <File Path="../.github/workflows/release.yml" />
  </Folder>
  <Folder Name="/Termina/">
    <Project Path="../lib/termina/src/Termina/Termina.csproj" />
  </Folder>
  <Folder Name="/Tests/">
    <Project Path="../tests/dtop.Actors.Tests/dtop.Actors.Tests.csproj" />
    <Project Path="../tests/dtop.Core.Tests/dtop.Core.Tests.csproj" />
    <Project Path="../tests/dtop.Rendering.Tests/dtop.Rendering.Tests.csproj" />
    <Project Path="../tests/dtop.UI.Tests/dtop.UI.Tests.csproj" />
  </Folder>
  <Project Path="dtop/dtop.csproj" />
</Solution>
